
Microsoft Visual Studio Solution File, Format Version 12.00
# Visual Studio Express 2012 for Web
Project("{FAE04EC0-301F-11D3-BF4B-00C04F79EFBC}") = "MVC40_Knockout_App", "MVC40_Knockout_App\MVC40_Knockout_App.csproj", "{2119B29C-C3A9-48B4-8251-5D9DC8009432}"
EndProject
Project("{2150E333-8FDC-42A3-9474-1A3956D46DE8}") = ".nuget", ".nuget", "{1EEC99E1-CEA6-489E-9274-F4BE8D09110B}"
	ProjectSection(SolutionItems) = preProject
		.nuget\NuGet.Config = .nuget\NuGet.Config
		.nuget\NuGet.exe = .nuget\NuGet.exe
		.nuget\NuGet.targets = .nuget\NuGet.targets
	EndProjectSection
EndProject
Global
	GlobalSection(SolutionConfigurationPlatforms) = preSolution
		Debug|Any CPU = Debug|Any CPU
		Release|Any CPU = Release|Any CPU
	EndGlobalSection
	GlobalSection(ProjectConfigurationPlatforms) = postSolution
		{2119B29C-C3A9-48B4-8251-5D9DC8009432}.Debug|Any CPU.ActiveCfg = Debug|Any CPU
		{2119B29C-C3A9-48B4-8251-5D9DC8009432}.Debug|Any CPU.Build.0 = Debug|Any CPU
		{2119B29C-C3A9-48B4-8251-5D9DC8009432}.Release|Any CPU.ActiveCfg = Release|Any CPU
		{2119B29C-C3A9-48B4-8251-5D9DC8009432}.Release|Any CPU.Build.0 = Release|Any CPU
	EndGlobalSection
	GlobalSection(SolutionProperties) = preSolution
		HideSolutionNode = FALSE
	EndGlobalSection
EndGlobal
